// !$*UTF8*$!
{
	archiveVersion = 1;
	classes = {
	};
	objectVersion = 51;
	objects = {

/* Begin PBXBuildFile section */
		4D30A2F822CC8EA4000D75E1 /* ThemePrimaryKey.swift in Sources */ = {isa = PBXBuildFile; fileRef = 4D30A2F722CC8EA4000D75E1 /* ThemePrimaryKey.swift */; };
		4D30A2FA22CC93C9000D75E1 /* GirlPowder.plist in Resources */ = {isa = PBXBuildFile; fileRef = 4D30A2F922CC93C9000D75E1 /* GirlPowder.plist */; };
		4D30A2FC22CC9FBD000D75E1 /* SimpleWhite.plist in Resources */ = {isa = PBXBuildFile; fileRef = 4D30A2FB22CC9FBD000D75E1 /* SimpleWhite.plist */; };
		4D6FBF4522C45876007B804D /* String+URL.swift in Sources */ = {isa = PBXBuildFile; fileRef = 4D6FBF4422C45876007B804D /* String+URL.swift */; };
		4D6FBF4722C49D20007B804D /* Observable+ObjectMapper+Moya.swift in Sources */ = {isa = PBXBuildFile; fileRef = 4D6FBF4622C49D20007B804D /* Observable+ObjectMapper+Moya.swift */; };
		4D6FBF4922C4A057007B804D /* NetworkError.swift in Sources */ = {isa = PBXBuildFile; fileRef = 4D6FBF4822C4A057007B804D /* NetworkError.swift */; };
		4D6FBF4D22C5ED83007B804D /* BaseViewController.swift in Sources */ = {isa = PBXBuildFile; fileRef = 4D6FBF4C22C5ED83007B804D /* BaseViewController.swift */; };
		4D6FBF5022C5EF7E007B804D /* menu.json in Resources */ = {isa = PBXBuildFile; fileRef = 4D6FBF4F22C5EF7E007B804D /* menu.json */; };
		4D6FBF5322C5EFB9007B804D /* TabBarController.swift in Sources */ = {isa = PBXBuildFile; fileRef = 4D6FBF5222C5EFB9007B804D /* TabBarController.swift */; };
		4D6FBF5722C5F061007B804D /* Keychain.swift in Sources */ = {isa = PBXBuildFile; fileRef = 4D6FBF5622C5F061007B804D /* Keychain.swift */; };
		4D6FBF5922C5F070007B804D /* UserDefault.swift in Sources */ = {isa = PBXBuildFile; fileRef = 4D6FBF5822C5F070007B804D /* UserDefault.swift */; };
		4D6FBF5F22C5F4D5007B804D /* LoginViewModel.swift in Sources */ = {isa = PBXBuildFile; fileRef = 4D6FBF5E22C5F4D5007B804D /* LoginViewModel.swift */; };
		4D6FBF6322C5F50A007B804D /* LoginView.swift in Sources */ = {isa = PBXBuildFile; fileRef = 4D6FBF6222C5F50A007B804D /* LoginView.swift */; };
		4D6FBF6522C60017007B804D /* LoginView.xib in Resources */ = {isa = PBXBuildFile; fileRef = 4D6FBF6422C60017007B804D /* LoginView.xib */; };
		4D6FBF6722C60039007B804D /* LoginController.swift in Sources */ = {isa = PBXBuildFile; fileRef = 4D6FBF6622C60039007B804D /* LoginController.swift */; };
		4D6FBF6922C6004F007B804D /* LoginModel.swift in Sources */ = {isa = PBXBuildFile; fileRef = 4D6FBF6822C6004F007B804D /* LoginModel.swift */; };
		4D6FBF6C22C60851007B804D /* Bridge.swift in Sources */ = {isa = PBXBuildFile; fileRef = 4D6FBF6B22C60851007B804D /* Bridge.swift */; };
		4D6FBF6F22C60934007B804D /* Int+Bytes.swift in Sources */ = {isa = PBXBuildFile; fileRef = 4D6FBF6E22C60934007B804D /* Int+Bytes.swift */; };
		4D6FBF7522C60C8F007B804D /* ThemeProtocol.swift in Sources */ = {isa = PBXBuildFile; fileRef = 4D6FBF7422C60C8F007B804D /* ThemeProtocol.swift */; };
		4D6FBF7722C6108B007B804D /* DefaultEmpty.xib in Resources */ = {isa = PBXBuildFile; fileRef = 4D6FBF7622C6108B007B804D /* DefaultEmpty.xib */; };
		4D6FBF7922C610EF007B804D /* UIView+LoadXib.swift in Sources */ = {isa = PBXBuildFile; fileRef = 4D6FBF7822C610EF007B804D /* UIView+LoadXib.swift */; };
		4D6FBF7C22C6FAA2007B804D /* HomeController.swift in Sources */ = {isa = PBXBuildFile; fileRef = 4D6FBF7B22C6FAA2007B804D /* HomeController.swift */; };
		4D6FBF8022C6FB5D007B804D /* ChannelController.swift in Sources */ = {isa = PBXBuildFile; fileRef = 4D6FBF7F22C6FB5D007B804D /* ChannelController.swift */; };
		4D6FBF8222C6FB6A007B804D /* MineController.swift in Sources */ = {isa = PBXBuildFile; fileRef = 4D6FBF8122C6FB6A007B804D /* MineController.swift */; };
		4D6FBF8522C6FC5B007B804D /* TrendController.swift in Sources */ = {isa = PBXBuildFile; fileRef = 4D6FBF8422C6FC5B007B804D /* TrendController.swift */; };
		4D6FBF8822C6FC8B007B804D /* PurchaseController.swift in Sources */ = {isa = PBXBuildFile; fileRef = 4D6FBF8722C6FC8B007B804D /* PurchaseController.swift */; };
		4D6FBF8A22C7058B007B804D /* TabBarModel.swift in Sources */ = {isa = PBXBuildFile; fileRef = 4D6FBF8922C7058B007B804D /* TabBarModel.swift */; };
		4D6FBF8C22C7096E007B804D /* TabBarAddChildProvider.swift in Sources */ = {isa = PBXBuildFile; fileRef = 4D6FBF8B22C7096E007B804D /* TabBarAddChildProvider.swift */; };
		4D6FBF8E22C79374007B804D /* MineView.swift in Sources */ = {isa = PBXBuildFile; fileRef = 4D6FBF8D22C79374007B804D /* MineView.swift */; };
		4D6FBF9022C7939B007B804D /* MineView.xib in Resources */ = {isa = PBXBuildFile; fileRef = 4D6FBF8F22C7939B007B804D /* MineView.xib */; };
		4D6FBF9222C79516007B804D /* Constant.swift in Sources */ = {isa = PBXBuildFile; fileRef = 4D6FBF9122C79516007B804D /* Constant.swift */; };
		4D6FBF9422C8DE44007B804D /* MineViewModel.swift in Sources */ = {isa = PBXBuildFile; fileRef = 4D6FBF9322C8DE44007B804D /* MineViewModel.swift */; };
		4D6FBF9822C9A52A007B804D /* ProgressHUD.swift in Sources */ = {isa = PBXBuildFile; fileRef = 4D6FBF9722C9A52A007B804D /* ProgressHUD.swift */; };
		4D6FBF9D22C9FB96007B804D /* BaseCoordinator.swift in Sources */ = {isa = PBXBuildFile; fileRef = 4D6FBF9C22C9FB96007B804D /* BaseCoordinator.swift */; };
		4D6FBF9F22CA00E9007B804D /* AppCoordinator.swift in Sources */ = {isa = PBXBuildFile; fileRef = 4D6FBF9E22CA00E9007B804D /* AppCoordinator.swift */; };
		4D6FBFA122CA02E4007B804D /* Coordinator.swift in Sources */ = {isa = PBXBuildFile; fileRef = 4D6FBFA022CA02E4007B804D /* Coordinator.swift */; };
		4D6FBFA322CA062B007B804D /* UINavigationControllerType.swift in Sources */ = {isa = PBXBuildFile; fileRef = 4D6FBFA222CA062B007B804D /* UINavigationControllerType.swift */; };
		4D6FBFA522CB0132007B804D /* MineCoordinator.swift in Sources */ = {isa = PBXBuildFile; fileRef = 4D6FBFA422CB0132007B804D /* MineCoordinator.swift */; };
		4DB7D44322CB23F9007EE267 /* ScanCodeController.swift in Sources */ = {isa = PBXBuildFile; fileRef = 4DB7D44222CB23F9007EE267 /* ScanCodeController.swift */; };
		4DB7D44522CB2417007EE267 /* SettingController.swift in Sources */ = {isa = PBXBuildFile; fileRef = 4DB7D44422CB2417007EE267 /* SettingController.swift */; };
		4DB7D44722CB243D007EE267 /* MineThemeController.swift in Sources */ = {isa = PBXBuildFile; fileRef = 4DB7D44622CB243D007EE267 /* MineThemeController.swift */; };
		4DB7D45722CB272A007EE267 /* RegisterController.swift in Sources */ = {isa = PBXBuildFile; fileRef = 4DB7D45622CB272A007EE267 /* RegisterController.swift */; };
		4DB7D45922CB27B4007EE267 /* ForgotPasswordController.swift in Sources */ = {isa = PBXBuildFile; fileRef = 4DB7D45822CB27B4007EE267 /* ForgotPasswordController.swift */; };
		4DB7D45B22CB27EB007EE267 /* MyCustomerServiceController.swift in Sources */ = {isa = PBXBuildFile; fileRef = 4DB7D45A22CB27EB007EE267 /* MyCustomerServiceController.swift */; };
		4DB7D45D22CB27FE007EE267 /* CreativeCollegeController.swift in Sources */ = {isa = PBXBuildFile; fileRef = 4DB7D45C22CB27FE007EE267 /* CreativeCollegeController.swift */; };
		4DB7D45F22CB2812007EE267 /* FreeFlowWatchingVideoController.swift in Sources */ = {isa = PBXBuildFile; fileRef = 4DB7D45E22CB2812007EE267 /* FreeFlowWatchingVideoController.swift */; };
		4DB7D46122CB281F007EE267 /* AdolescentModeController.swift in Sources */ = {isa = PBXBuildFile; fileRef = 4DB7D46022CB281F007EE267 /* AdolescentModeController.swift */; };
		4DB7D46322CB282B007EE267 /* BigMemberController.swift in Sources */ = {isa = PBXBuildFile; fileRef = 4DB7D46222CB282B007EE267 /* BigMemberController.swift */; };
		4DB7D46522CB285B007EE267 /* OfflineCacheController.swift in Sources */ = {isa = PBXBuildFile; fileRef = 4DB7D46422CB285B007EE267 /* OfflineCacheController.swift */; };
		4DB7D46722CB286D007EE267 /* HistoryRecordController.swift in Sources */ = {isa = PBXBuildFile; fileRef = 4DB7D46622CB286D007EE267 /* HistoryRecordController.swift */; };
		4DB7D46922CB287F007EE267 /* MyCollectionController.swift in Sources */ = {isa = PBXBuildFile; fileRef = 4DB7D46822CB287F007EE267 /* MyCollectionController.swift */; };
		4DB7D46B22CB2891007EE267 /* MyFocusController.swift in Sources */ = {isa = PBXBuildFile; fileRef = 4DB7D46A22CB2891007EE267 /* MyFocusController.swift */; };
		4DB7D46D22CB28A2007EE267 /* LaterLookAgainController.swift in Sources */ = {isa = PBXBuildFile; fileRef = 4DB7D46C22CB28A2007EE267 /* LaterLookAgainController.swift */; };
		4DB7D46F22CB28BA007EE267 /* BCoinPurseController.swift in Sources */ = {isa = PBXBuildFile; fileRef = 4DB7D46E22CB28BA007EE267 /* BCoinPurseController.swift */; };
		4DB7D47122CB28CF007EE267 /* BuyingCenterController.swift in Sources */ = {isa = PBXBuildFile; fileRef = 4DB7D47022CB28CF007EE267 /* BuyingCenterController.swift */; };
		4DB7D47322CB28E1007EE267 /* LiveCenterController.swift in Sources */ = {isa = PBXBuildFile; fileRef = 4DB7D47222CB28E1007EE267 /* LiveCenterController.swift */; };
		4DB7D47822CB2EED007EE267 /* DefaultCollectionCell.swift in Sources */ = {isa = PBXBuildFile; fileRef = 4DB7D47622CB2EED007EE267 /* DefaultCollectionCell.swift */; };
		4DB7D47922CB2EED007EE267 /* DefaultCollectionCell.xib in Resources */ = {isa = PBXBuildFile; fileRef = 4DB7D47722CB2EED007EE267 /* DefaultCollectionCell.xib */; };
		4DB7D47D22CB2F24007EE267 /* DefaultTableCell.swift in Sources */ = {isa = PBXBuildFile; fileRef = 4DB7D47B22CB2F24007EE267 /* DefaultTableCell.swift */; };
		4DB7D47E22CB2F24007EE267 /* DefaultTableCell.xib in Resources */ = {isa = PBXBuildFile; fileRef = 4DB7D47C22CB2F24007EE267 /* DefaultTableCell.xib */; };
		4DB7D48122CB3AE9007EE267 /* Theme.bundle in Resources */ = {isa = PBXBuildFile; fileRef = 4DB7D48022CB3AE9007EE267 /* Theme.bundle */; };
		4DB7D48322CB4E06007EE267 /* ThemePath.swift in Sources */ = {isa = PBXBuildFile; fileRef = 4DB7D48222CB4E06007EE267 /* ThemePath.swift */; };
		4DB7D48522CB5048007EE267 /* ThemeManager.swift in Sources */ = {isa = PBXBuildFile; fileRef = 4DB7D48422CB5048007EE267 /* ThemeManager.swift */; };
		4DB7D48822CC43B3007EE267 /* UIKit+Theme.swift in Sources */ = {isa = PBXBuildFile; fileRef = 4DB7D48722CC43B3007EE267 /* UIKit+Theme.swift */; };
		C302DC0A219BB55C00853412 /* AppDelegate.swift in Sources */ = {isa = PBXBuildFile; fileRef = C302DC09219BB55C00853412 /* AppDelegate.swift */; };
		C302DC0F219BB55C00853412 /* Main.storyboard in Resources */ = {isa = PBXBuildFile; fileRef = C302DC0D219BB55C00853412 /* Main.storyboard */; };
		C302DC11219BB55E00853412 /* Assets.xcassets in Resources */ = {isa = PBXBuildFile; fileRef = C302DC10219BB55E00853412 /* Assets.xcassets */; };
		C302DC14219BB55E00853412 /* LaunchScreen.storyboard in Resources */ = {isa = PBXBuildFile; fileRef = C302DC12219BB55E00853412 /* LaunchScreen.storyboard */; };
		C31104C12234050A00B2B77D /* NavigationController.swift in Sources */ = {isa = PBXBuildFile; fileRef = C31104C02234050A00B2B77D /* NavigationController.swift */; };
		C35B69CD222FA233002B4760 /* NetworkStatus.swift in Sources */ = {isa = PBXBuildFile; fileRef = C35B69CC222FA233002B4760 /* NetworkStatus.swift */; };
		C35B69D22230A7D7002B4760 /* Realm.swift in Sources */ = {isa = PBXBuildFile; fileRef = C35B69D12230A7D7002B4760 /* Realm.swift */; };
		C35B69D42230AA57002B4760 /* DataBaseManager.swift in Sources */ = {isa = PBXBuildFile; fileRef = C35B69D32230AA57002B4760 /* DataBaseManager.swift */; };
		C35B69D92230AC21002B4760 /* UserManager.swift in Sources */ = {isa = PBXBuildFile; fileRef = C35B69D82230AC21002B4760 /* UserManager.swift */; };
		C35B69DB2230B417002B4760 /* Realmable.swift in Sources */ = {isa = PBXBuildFile; fileRef = C35B69DA2230B417002B4760 /* Realmable.swift */; };
		C36779ED22219D00005729B9 /* NetworkManager.swift in Sources */ = {isa = PBXBuildFile; fileRef = C36779EC22219D00005729B9 /* NetworkManager.swift */; };
		C36779F12222A5F0005729B9 /* LoginAPI.swift in Sources */ = {isa = PBXBuildFile; fileRef = C36779F02222A5F0005729B9 /* LoginAPI.swift */; };
		C36779F32222A678005729B9 /* BiliBiliTargetType.swift in Sources */ = {isa = PBXBuildFile; fileRef = C36779F22222A678005729B9 /* BiliBiliTargetType.swift */; };
		EA973D1C55BD87C88C958E35 /* Pods_BiliBili.framework in Frameworks */ = {isa = PBXBuildFile; fileRef = 320E04FD5D3921D960330C98 /* Pods_BiliBili.framework */; };
/* End PBXBuildFile section */

/* Begin PBXFileReference section */
		320E04FD5D3921D960330C98 /* Pods_BiliBili.framework */ = {isa = PBXFileReference; explicitFileType = wrapper.framework; includeInIndex = 0; path = Pods_BiliBili.framework; sourceTree = BUILT_PRODUCTS_DIR; };
		4D30A2F722CC8EA4000D75E1 /* ThemePrimaryKey.swift */ = {isa = PBXFileReference; lastKnownFileType = sourcecode.swift; path = ThemePrimaryKey.swift; sourceTree = "<group>"; };
		4D30A2F922CC93C9000D75E1 /* GirlPowder.plist */ = {isa = PBXFileReference; lastKnownFileType = text.plist.xml; path = GirlPowder.plist; sourceTree = "<group>"; };
		4D30A2FB22CC9FBD000D75E1 /* SimpleWhite.plist */ = {isa = PBXFileReference; lastKnownFileType = text.plist.xml; path = SimpleWhite.plist; sourceTree = "<group>"; };
		4D6FBF4422C45876007B804D /* String+URL.swift */ = {isa = PBXFileReference; lastKnownFileType = sourcecode.swift; path = "String+URL.swift"; sourceTree = "<group>"; };
		4D6FBF4622C49D20007B804D /* Observable+ObjectMapper+Moya.swift */ = {isa = PBXFileReference; lastKnownFileType = sourcecode.swift; path = "Observable+ObjectMapper+Moya.swift"; sourceTree = "<group>"; };
		4D6FBF4822C4A057007B804D /* NetworkError.swift */ = {isa = PBXFileReference; lastKnownFileType = sourcecode.swift; path = NetworkError.swift; sourceTree = "<group>"; };
		4D6FBF4C22C5ED83007B804D /* BaseViewController.swift */ = {isa = PBXFileReference; lastKnownFileType = sourcecode.swift; path = BaseViewController.swift; sourceTree = "<group>"; };
		4D6FBF4F22C5EF7E007B804D /* menu.json */ = {isa = PBXFileReference; lastKnownFileType = text.json; path = menu.json; sourceTree = "<group>"; };
		4D6FBF5222C5EFB9007B804D /* TabBarController.swift */ = {isa = PBXFileReference; lastKnownFileType = sourcecode.swift; path = TabBarController.swift; sourceTree = "<group>"; };
		4D6FBF5622C5F061007B804D /* Keychain.swift */ = {isa = PBXFileReference; lastKnownFileType = sourcecode.swift; path = Keychain.swift; sourceTree = "<group>"; };
		4D6FBF5822C5F070007B804D /* UserDefault.swift */ = {isa = PBXFileReference; lastKnownFileType = sourcecode.swift; path = UserDefault.swift; sourceTree = "<group>"; };
		4D6FBF5E22C5F4D5007B804D /* LoginViewModel.swift */ = {isa = PBXFileReference; lastKnownFileType = sourcecode.swift; path = LoginViewModel.swift; sourceTree = "<group>"; };
		4D6FBF6222C5F50A007B804D /* LoginView.swift */ = {isa = PBXFileReference; lastKnownFileType = sourcecode.swift; path = LoginView.swift; sourceTree = "<group>"; };
		4D6FBF6422C60017007B804D /* LoginView.xib */ = {isa = PBXFileReference; lastKnownFileType = file.xib; path = LoginView.xib; sourceTree = "<group>"; };
		4D6FBF6622C60039007B804D /* LoginController.swift */ = {isa = PBXFileReference; lastKnownFileType = sourcecode.swift; path = LoginController.swift; sourceTree = "<group>"; };
		4D6FBF6822C6004F007B804D /* LoginModel.swift */ = {isa = PBXFileReference; lastKnownFileType = sourcecode.swift; path = LoginModel.swift; sourceTree = "<group>"; };
		4D6FBF6B22C60851007B804D /* Bridge.swift */ = {isa = PBXFileReference; lastKnownFileType = sourcecode.swift; path = Bridge.swift; sourceTree = "<group>"; };
		4D6FBF6E22C60934007B804D /* Int+Bytes.swift */ = {isa = PBXFileReference; lastKnownFileType = sourcecode.swift; path = "Int+Bytes.swift"; sourceTree = "<group>"; };
		4D6FBF7422C60C8F007B804D /* ThemeProtocol.swift */ = {isa = PBXFileReference; lastKnownFileType = sourcecode.swift; path = ThemeProtocol.swift; sourceTree = "<group>"; };
		4D6FBF7622C6108B007B804D /* DefaultEmpty.xib */ = {isa = PBXFileReference; lastKnownFileType = file.xib; path = DefaultEmpty.xib; sourceTree = "<group>"; };
		4D6FBF7822C610EF007B804D /* UIView+LoadXib.swift */ = {isa = PBXFileReference; lastKnownFileType = sourcecode.swift; path = "UIView+LoadXib.swift"; sourceTree = "<group>"; };
		4D6FBF7B22C6FAA2007B804D /* HomeController.swift */ = {isa = PBXFileReference; lastKnownFileType = sourcecode.swift; path = HomeController.swift; sourceTree = "<group>"; };
		4D6FBF7F22C6FB5D007B804D /* ChannelController.swift */ = {isa = PBXFileReference; lastKnownFileType = sourcecode.swift; path = ChannelController.swift; sourceTree = "<group>"; };
		4D6FBF8122C6FB6A007B804D /* MineController.swift */ = {isa = PBXFileReference; lastKnownFileType = sourcecode.swift; path = MineController.swift; sourceTree = "<group>"; };
		4D6FBF8422C6FC5B007B804D /* TrendController.swift */ = {isa = PBXFileReference; lastKnownFileType = sourcecode.swift; path = TrendController.swift; sourceTree = "<group>"; };
		4D6FBF8722C6FC8B007B804D /* PurchaseController.swift */ = {isa = PBXFileReference; lastKnownFileType = sourcecode.swift; path = PurchaseController.swift; sourceTree = "<group>"; };
		4D6FBF8922C7058B007B804D /* TabBarModel.swift */ = {isa = PBXFileReference; lastKnownFileType = sourcecode.swift; path = TabBarModel.swift; sourceTree = "<group>"; };
		4D6FBF8B22C7096E007B804D /* TabBarAddChildProvider.swift */ = {isa = PBXFileReference; lastKnownFileType = sourcecode.swift; path = TabBarAddChildProvider.swift; sourceTree = "<group>"; };
		4D6FBF8D22C79374007B804D /* MineView.swift */ = {isa = PBXFileReference; lastKnownFileType = sourcecode.swift; path = MineView.swift; sourceTree = "<group>"; };
		4D6FBF8F22C7939B007B804D /* MineView.xib */ = {isa = PBXFileReference; lastKnownFileType = file.xib; path = MineView.xib; sourceTree = "<group>"; };
		4D6FBF9122C79516007B804D /* Constant.swift */ = {isa = PBXFileReference; lastKnownFileType = sourcecode.swift; path = Constant.swift; sourceTree = "<group>"; };
		4D6FBF9322C8DE44007B804D /* MineViewModel.swift */ = {isa = PBXFileReference; lastKnownFileType = sourcecode.swift; path = MineViewModel.swift; sourceTree = "<group>"; };
		4D6FBF9722C9A52A007B804D /* ProgressHUD.swift */ = {isa = PBXFileReference; lastKnownFileType = sourcecode.swift; path = ProgressHUD.swift; sourceTree = "<group>"; };
		4D6FBF9C22C9FB96007B804D /* BaseCoordinator.swift */ = {isa = PBXFileReference; lastKnownFileType = sourcecode.swift; path = BaseCoordinator.swift; sourceTree = "<group>"; };
		4D6FBF9E22CA00E9007B804D /* AppCoordinator.swift */ = {isa = PBXFileReference; lastKnownFileType = sourcecode.swift; path = AppCoordinator.swift; sourceTree = "<group>"; };
		4D6FBFA022CA02E4007B804D /* Coordinator.swift */ = {isa = PBXFileReference; lastKnownFileType = sourcecode.swift; path = Coordinator.swift; sourceTree = "<group>"; };
		4D6FBFA222CA062B007B804D /* UINavigationControllerType.swift */ = {isa = PBXFileReference; lastKnownFileType = sourcecode.swift; path = UINavigationControllerType.swift; sourceTree = "<group>"; };
		4D6FBFA422CB0132007B804D /* MineCoordinator.swift */ = {isa = PBXFileReference; lastKnownFileType = sourcecode.swift; path = MineCoordinator.swift; sourceTree = "<group>"; };
		4DB7D44222CB23F9007EE267 /* ScanCodeController.swift */ = {isa = PBXFileReference; lastKnownFileType = sourcecode.swift; path = ScanCodeController.swift; sourceTree = "<group>"; };
		4DB7D44422CB2417007EE267 /* SettingController.swift */ = {isa = PBXFileReference; lastKnownFileType = sourcecode.swift; path = SettingController.swift; sourceTree = "<group>"; };
		4DB7D44622CB243D007EE267 /* MineThemeController.swift */ = {isa = PBXFileReference; lastKnownFileType = sourcecode.swift; path = MineThemeController.swift; sourceTree = "<group>"; };
		4DB7D45622CB272A007EE267 /* RegisterController.swift */ = {isa = PBXFileReference; lastKnownFileType = sourcecode.swift; path = RegisterController.swift; sourceTree = "<group>"; };
		4DB7D45822CB27B4007EE267 /* ForgotPasswordController.swift */ = {isa = PBXFileReference; lastKnownFileType = sourcecode.swift; path = ForgotPasswordController.swift; sourceTree = "<group>"; };
		4DB7D45A22CB27EB007EE267 /* MyCustomerServiceController.swift */ = {isa = PBXFileReference; lastKnownFileType = sourcecode.swift; path = MyCustomerServiceController.swift; sourceTree = "<group>"; };
		4DB7D45C22CB27FE007EE267 /* CreativeCollegeController.swift */ = {isa = PBXFileReference; lastKnownFileType = sourcecode.swift; path = CreativeCollegeController.swift; sourceTree = "<group>"; };
		4DB7D45E22CB2812007EE267 /* FreeFlowWatchingVideoController.swift */ = {isa = PBXFileReference; lastKnownFileType = sourcecode.swift; path = FreeFlowWatchingVideoController.swift; sourceTree = "<group>"; };
		4DB7D46022CB281F007EE267 /* AdolescentModeController.swift */ = {isa = PBXFileReference; lastKnownFileType = sourcecode.swift; path = AdolescentModeController.swift; sourceTree = "<group>"; };
		4DB7D46222CB282B007EE267 /* BigMemberController.swift */ = {isa = PBXFileReference; lastKnownFileType = sourcecode.swift; path = BigMemberController.swift; sourceTree = "<group>"; };
		4DB7D46422CB285B007EE267 /* OfflineCacheController.swift */ = {isa = PBXFileReference; lastKnownFileType = sourcecode.swift; path = OfflineCacheController.swift; sourceTree = "<group>"; };
		4DB7D46622CB286D007EE267 /* HistoryRecordController.swift */ = {isa = PBXFileReference; lastKnownFileType = sourcecode.swift; path = HistoryRecordController.swift; sourceTree = "<group>"; };
		4DB7D46822CB287F007EE267 /* MyCollectionController.swift */ = {isa = PBXFileReference; lastKnownFileType = sourcecode.swift; path = MyCollectionController.swift; sourceTree = "<group>"; };
		4DB7D46A22CB2891007EE267 /* MyFocusController.swift */ = {isa = PBXFileReference; lastKnownFileType = sourcecode.swift; path = MyFocusController.swift; sourceTree = "<group>"; };
		4DB7D46C22CB28A2007EE267 /* LaterLookAgainController.swift */ = {isa = PBXFileReference; lastKnownFileType = sourcecode.swift; path = LaterLookAgainController.swift; sourceTree = "<group>"; };
		4DB7D46E22CB28BA007EE267 /* BCoinPurseController.swift */ = {isa = PBXFileReference; lastKnownFileType = sourcecode.swift; path = BCoinPurseController.swift; sourceTree = "<group>"; };
		4DB7D47022CB28CF007EE267 /* BuyingCenterController.swift */ = {isa = PBXFileReference; lastKnownFileType = sourcecode.swift; path = BuyingCenterController.swift; sourceTree = "<group>"; };
		4DB7D47222CB28E1007EE267 /* LiveCenterController.swift */ = {isa = PBXFileReference; lastKnownFileType = sourcecode.swift; path = LiveCenterController.swift; sourceTree = "<group>"; };
		4DB7D47622CB2EED007EE267 /* DefaultCollectionCell.swift */ = {isa = PBXFileReference; lastKnownFileType = sourcecode.swift; path = DefaultCollectionCell.swift; sourceTree = "<group>"; };
		4DB7D47722CB2EED007EE267 /* DefaultCollectionCell.xib */ = {isa = PBXFileReference; lastKnownFileType = file.xib; path = DefaultCollectionCell.xib; sourceTree = "<group>"; };
		4DB7D47B22CB2F24007EE267 /* DefaultTableCell.swift */ = {isa = PBXFileReference; lastKnownFileType = sourcecode.swift; path = DefaultTableCell.swift; sourceTree = "<group>"; };
		4DB7D47C22CB2F24007EE267 /* DefaultTableCell.xib */ = {isa = PBXFileReference; lastKnownFileType = file.xib; path = DefaultTableCell.xib; sourceTree = "<group>"; };
		4DB7D48022CB3AE9007EE267 /* Theme.bundle */ = {isa = PBXFileReference; lastKnownFileType = "wrapper.plug-in"; path = Theme.bundle; sourceTree = "<group>"; };
		4DB7D48222CB4E06007EE267 /* ThemePath.swift */ = {isa = PBXFileReference; lastKnownFileType = sourcecode.swift; path = ThemePath.swift; sourceTree = "<group>"; };
		4DB7D48422CB5048007EE267 /* ThemeManager.swift */ = {isa = PBXFileReference; lastKnownFileType = sourcecode.swift; path = ThemeManager.swift; sourceTree = "<group>"; };
		4DB7D48722CC43B3007EE267 /* UIKit+Theme.swift */ = {isa = PBXFileReference; lastKnownFileType = sourcecode.swift; path = "UIKit+Theme.swift"; sourceTree = "<group>"; };
		87563A550633CA1B54493B7E /* Pods-BiliBili.debug.xcconfig */ = {isa = PBXFileReference; includeInIndex = 1; lastKnownFileType = text.xcconfig; name = "Pods-BiliBili.debug.xcconfig"; path = "Pods/Target Support Files/Pods-BiliBili/Pods-BiliBili.debug.xcconfig"; sourceTree = "<group>"; };
		87AA59B27A9339253975ED32 /* Pods-BiliBili.release.xcconfig */ = {isa = PBXFileReference; includeInIndex = 1; lastKnownFileType = text.xcconfig; name = "Pods-BiliBili.release.xcconfig"; path = "Pods/Target Support Files/Pods-BiliBili/Pods-BiliBili.release.xcconfig"; sourceTree = "<group>"; };
		C302DC06219BB55C00853412 /* BiliBili.app */ = {isa = PBXFileReference; explicitFileType = wrapper.application; includeInIndex = 0; path = BiliBili.app; sourceTree = BUILT_PRODUCTS_DIR; };
		C302DC09219BB55C00853412 /* AppDelegate.swift */ = {isa = PBXFileReference; lastKnownFileType = sourcecode.swift; path = AppDelegate.swift; sourceTree = "<group>"; };
		C302DC0E219BB55C00853412 /* Base */ = {isa = PBXFileReference; lastKnownFileType = file.storyboard; name = Base; path = Base.lproj/Main.storyboard; sourceTree = "<group>"; };
		C302DC10219BB55E00853412 /* Assets.xcassets */ = {isa = PBXFileReference; lastKnownFileType = folder.assetcatalog; path = Assets.xcassets; sourceTree = "<group>"; };
		C302DC13219BB55E00853412 /* Base */ = {isa = PBXFileReference; lastKnownFileType = file.storyboard; name = Base; path = Base.lproj/LaunchScreen.storyboard; sourceTree = "<group>"; };
		C302DC15219BB55E00853412 /* Info.plist */ = {isa = PBXFileReference; lastKnownFileType = text.plist.xml; path = Info.plist; sourceTree = "<group>"; };
		C31104C02234050A00B2B77D /* NavigationController.swift */ = {isa = PBXFileReference; lastKnownFileType = sourcecode.swift; path = NavigationController.swift; sourceTree = "<group>"; };
		C35B69CC222FA233002B4760 /* NetworkStatus.swift */ = {isa = PBXFileReference; lastKnownFileType = sourcecode.swift; path = NetworkStatus.swift; sourceTree = "<group>"; };
		C35B69D12230A7D7002B4760 /* Realm.swift */ = {isa = PBXFileReference; lastKnownFileType = sourcecode.swift; path = Realm.swift; sourceTree = "<group>"; };
		C35B69D32230AA57002B4760 /* DataBaseManager.swift */ = {isa = PBXFileReference; lastKnownFileType = sourcecode.swift; path = DataBaseManager.swift; sourceTree = "<group>"; };
		C35B69D82230AC21002B4760 /* UserManager.swift */ = {isa = PBXFileReference; lastKnownFileType = sourcecode.swift; path = UserManager.swift; sourceTree = "<group>"; };
		C35B69DA2230B417002B4760 /* Realmable.swift */ = {isa = PBXFileReference; lastKnownFileType = sourcecode.swift; path = Realmable.swift; sourceTree = "<group>"; };
		C36779EC22219D00005729B9 /* NetworkManager.swift */ = {isa = PBXFileReference; lastKnownFileType = sourcecode.swift; path = NetworkManager.swift; sourceTree = "<group>"; };
		C36779F02222A5F0005729B9 /* LoginAPI.swift */ = {isa = PBXFileReference; lastKnownFileType = sourcecode.swift; path = LoginAPI.swift; sourceTree = "<group>"; };
		C36779F22222A678005729B9 /* BiliBiliTargetType.swift */ = {isa = PBXFileReference; lastKnownFileType = sourcecode.swift; path = BiliBiliTargetType.swift; sourceTree = "<group>"; };
/* End PBXFileReference section */

/* Begin PBXFrameworksBuildPhase section */
		C302DC03219BB55C00853412 /* Frameworks */ = {
			isa = PBXFrameworksBuildPhase;
			buildActionMask = 2147483647;
			files = (
				EA973D1C55BD87C88C958E35 /* Pods_BiliBili.framework in Frameworks */,
			);
			runOnlyForDeploymentPostprocessing = 0;
		};
/* End PBXFrameworksBuildPhase section */

/* Begin PBXGroup section */
		014E7627E006A71C9BFF0E80 /* Frameworks */ = {
			isa = PBXGroup;
			children = (
				320E04FD5D3921D960330C98 /* Pods_BiliBili.framework */,
			);
			name = Frameworks;
			sourceTree = "<group>";
		};
		25A20EDC56BA17F705662455 /* Pods */ = {
			isa = PBXGroup;
			children = (
				87563A550633CA1B54493B7E /* Pods-BiliBili.debug.xcconfig */,
				87AA59B27A9339253975ED32 /* Pods-BiliBili.release.xcconfig */,
			);
			name = Pods;
			sourceTree = "<group>";
		};
		4D6FBF4322C4585A007B804D /* Extension */ = {
			isa = PBXGroup;
			children = (
				4D6FBF7022C60BAB007B804D /* View */,
				4D6FBF6D22C6090F007B804D /* Int */,
				4D6FBF4422C45876007B804D /* String+URL.swift */,
			);
			path = Extension;
			sourceTree = "<group>";
		};
		4D6FBF4E22C5EF63007B804D /* Sources */ = {
			isa = PBXGroup;
			children = (
				4DB7D47F22CB3A4E007EE267 /* Theme */,
				4D6FBF4F22C5EF7E007B804D /* menu.json */,
				4D6FBF7622C6108B007B804D /* DefaultEmpty.xib */,
				4DB7D48022CB3AE9007EE267 /* Theme.bundle */,
			);
			path = Sources;
			sourceTree = "<group>";
		};
		4D6FBF5122C5EF95007B804D /* Tabbar */ = {
			isa = PBXGroup;
			children = (
				4D6FBF5222C5EFB9007B804D /* TabBarController.swift */,
				4D6FBF8922C7058B007B804D /* TabBarModel.swift */,
				4D6FBF8B22C7096E007B804D /* TabBarAddChildProvider.swift */,
			);
			path = Tabbar;
			sourceTree = "<group>";
		};
		4D6FBF5422C5F056007B804D /* Keychain */ = {
			isa = PBXGroup;
			children = (
				4D6FBF5622C5F061007B804D /* Keychain.swift */,
			);
			path = Keychain;
			sourceTree = "<group>";
		};
		4D6FBF5522C5F056007B804D /* UserDefault */ = {
			isa = PBXGroup;
			children = (
				4D6FBF5822C5F070007B804D /* UserDefault.swift */,
			);
			path = UserDefault;
			sourceTree = "<group>";
		};
		4D6FBF5A22C5F48F007B804D /* Controllers */ = {
			isa = PBXGroup;
			children = (
				4D6FBF6622C60039007B804D /* LoginController.swift */,
				4DB7D45622CB272A007EE267 /* RegisterController.swift */,
				4DB7D45822CB27B4007EE267 /* ForgotPasswordController.swift */,
			);
			path = Controllers;
			sourceTree = "<group>";
		};
		4D6FBF5B22C5F4A9007B804D /* Views */ = {
			isa = PBXGroup;
			children = (
				4D6FBF6222C5F50A007B804D /* LoginView.swift */,
				4D6FBF6422C60017007B804D /* LoginView.xib */,
			);
			path = Views;
			sourceTree = "<group>";
		};
		4D6FBF5C22C5F4B4007B804D /* Models */ = {
			isa = PBXGroup;
			children = (
				4D6FBF6822C6004F007B804D /* LoginModel.swift */,
			);
			path = Models;
			sourceTree = "<group>";
		};
		4D6FBF5D22C5F4BB007B804D /* ViewModels */ = {
			isa = PBXGroup;
			children = (
				4D6FBF5E22C5F4D5007B804D /* LoginViewModel.swift */,
			);
			path = ViewModels;
			sourceTree = "<group>";
		};
		4D6FBF6A22C60840007B804D /* Bridge */ = {
			isa = PBXGroup;
			children = (
				4D6FBF6B22C60851007B804D /* Bridge.swift */,
			);
			path = Bridge;
			sourceTree = "<group>";
		};
		4D6FBF6D22C6090F007B804D /* Int */ = {
			isa = PBXGroup;
			children = (
				4D6FBF6E22C60934007B804D /* Int+Bytes.swift */,
			);
			path = Int;
			sourceTree = "<group>";
		};
		4D6FBF7022C60BAB007B804D /* View */ = {
			isa = PBXGroup;
			children = (
				4D6FBF7822C610EF007B804D /* UIView+LoadXib.swift */,
			);
			path = View;
			sourceTree = "<group>";
		};
		4D6FBF7322C60C7B007B804D /* Theme */ = {
			isa = PBXGroup;
			children = (
				4DB7D48622CC4374007EE267 /* Views */,
				4D6FBF7422C60C8F007B804D /* ThemeProtocol.swift */,
				4DB7D48222CB4E06007EE267 /* ThemePath.swift */,
				4DB7D48422CB5048007EE267 /* ThemeManager.swift */,
				4D30A2F722CC8EA4000D75E1 /* ThemePrimaryKey.swift */,
			);
			path = Theme;
			sourceTree = "<group>";
		};
		4D6FBF7A22C6FA87007B804D /* Home */ = {
			isa = PBXGroup;
			children = (
				4D6FBF7B22C6FAA2007B804D /* HomeController.swift */,
			);
			path = Home;
			sourceTree = "<group>";
		};
		4D6FBF7D22C6FAAD007B804D /* Mine */ = {
			isa = PBXGroup;
			children = (
				4DB7D44822CB2461007EE267 /* Center */,
				4DB7D44122CB23D9007EE267 /* ScanCode */,
				4DB7D44022CB23D1007EE267 /* Setting */,
				4DB7D43F22CB23BC007EE267 /* MyService */,
				4DB7D43E22CB239C007EE267 /* Theme */,
				4D6FBF8122C6FB6A007B804D /* MineController.swift */,
				4D6FBF8D22C79374007B804D /* MineView.swift */,
				4D6FBF8F22C7939B007B804D /* MineView.xib */,
				4D6FBF9322C8DE44007B804D /* MineViewModel.swift */,
				4D6FBFA422CB0132007B804D /* MineCoordinator.swift */,
			);
			path = Mine;
			sourceTree = "<group>";
		};
		4D6FBF7E22C6FB45007B804D /* Channel */ = {
			isa = PBXGroup;
			children = (
				4D6FBF7F22C6FB5D007B804D /* ChannelController.swift */,
			);
			path = Channel;
			sourceTree = "<group>";
		};
		4D6FBF8322C6FC49007B804D /* Trend */ = {
			isa = PBXGroup;
			children = (
				4D6FBF8422C6FC5B007B804D /* TrendController.swift */,
			);
			path = Trend;
			sourceTree = "<group>";
		};
		4D6FBF8622C6FC78007B804D /* Purchase */ = {
			isa = PBXGroup;
			children = (
				4D6FBF8722C6FC8B007B804D /* PurchaseController.swift */,
			);
			path = Purchase;
			sourceTree = "<group>";
		};
		4D6FBF9522C9A419007B804D /* Componets */ = {
			isa = PBXGroup;
			children = (
				4DB7D47422CB2EA3007EE267 /* UI */,
				4D6FBF9622C9A475007B804D /* HUD */,
				4D6FBF7322C60C7B007B804D /* Theme */,
			);
			path = Componets;
			sourceTree = "<group>";
		};
		4D6FBF9622C9A475007B804D /* HUD */ = {
			isa = PBXGroup;
			children = (
				4D6FBF9722C9A52A007B804D /* ProgressHUD.swift */,
			);
			path = HUD;
			sourceTree = "<group>";
		};
		4D6FBF9B22C9FB5D007B804D /* Coordinator */ = {
			isa = PBXGroup;
			children = (
				4D6FBF9C22C9FB96007B804D /* BaseCoordinator.swift */,
				4D6FBF9E22CA00E9007B804D /* AppCoordinator.swift */,
				4D6FBFA022CA02E4007B804D /* Coordinator.swift */,
				4D6FBFA222CA062B007B804D /* UINavigationControllerType.swift */,
			);
			path = Coordinator;
			sourceTree = "<group>";
		};
		4DB7D43E22CB239C007EE267 /* Theme */ = {
			isa = PBXGroup;
			children = (
				4DB7D44622CB243D007EE267 /* MineThemeController.swift */,
			);
			path = Theme;
			sourceTree = "<group>";
		};
		4DB7D43F22CB23BC007EE267 /* MyService */ = {
			isa = PBXGroup;
			children = (
				4DB7D45522CB2665007EE267 /* MyCustomerService */,
				4DB7D45422CB2657007EE267 /* CreativeCollege */,
				4DB7D45322CB25F3007EE267 /* FreeFlowWatchingVideo */,
				4DB7D45222CB25E2007EE267 /* AdolescentMode */,
				4DB7D45122CB25DB007EE267 /* BigMember */,
			);
			path = MyService;
			sourceTree = "<group>";
		};
		4DB7D44022CB23D1007EE267 /* Setting */ = {
			isa = PBXGroup;
			children = (
				4DB7D44422CB2417007EE267 /* SettingController.swift */,
			);
			path = Setting;
			sourceTree = "<group>";
		};
		4DB7D44122CB23D9007EE267 /* ScanCode */ = {
			isa = PBXGroup;
			children = (
				4DB7D44222CB23F9007EE267 /* ScanCodeController.swift */,
			);
			path = ScanCode;
			sourceTree = "<group>";
		};
		4DB7D44822CB2461007EE267 /* Center */ = {
			isa = PBXGroup;
			children = (
				4DB7D45022CB2599007EE267 /* OfflineCache */,
				4DB7D44F22CB258D007EE267 /* HistoryRecord */,
				4DB7D44E22CB2585007EE267 /* MyCollection */,
				4DB7D44D22CB2576007EE267 /* MyFocus */,
				4DB7D44C22CB2566007EE267 /* LaterLookAgain */,
				4DB7D44B22CB2553007EE267 /* BCoinPurse */,
				4DB7D44A22CB253B007EE267 /* BuyingCenter */,
				4DB7D44922CB2531007EE267 /* LiveCenter */,
			);
			path = Center;
			sourceTree = "<group>";
		};
		4DB7D44922CB2531007EE267 /* LiveCenter */ = {
			isa = PBXGroup;
			children = (
				4DB7D47222CB28E1007EE267 /* LiveCenterController.swift */,
			);
			path = LiveCenter;
			sourceTree = "<group>";
		};
		4DB7D44A22CB253B007EE267 /* BuyingCenter */ = {
			isa = PBXGroup;
			children = (
				4DB7D47022CB28CF007EE267 /* BuyingCenterController.swift */,
			);
			path = BuyingCenter;
			sourceTree = "<group>";
		};
		4DB7D44B22CB2553007EE267 /* BCoinPurse */ = {
			isa = PBXGroup;
			children = (
				4DB7D46E22CB28BA007EE267 /* BCoinPurseController.swift */,
			);
			path = BCoinPurse;
			sourceTree = "<group>";
		};
		4DB7D44C22CB2566007EE267 /* LaterLookAgain */ = {
			isa = PBXGroup;
			children = (
				4DB7D46C22CB28A2007EE267 /* LaterLookAgainController.swift */,
			);
			path = LaterLookAgain;
			sourceTree = "<group>";
		};
		4DB7D44D22CB2576007EE267 /* MyFocus */ = {
			isa = PBXGroup;
			children = (
				4DB7D46A22CB2891007EE267 /* MyFocusController.swift */,
			);
			path = MyFocus;
			sourceTree = "<group>";
		};
		4DB7D44E22CB2585007EE267 /* MyCollection */ = {
			isa = PBXGroup;
			children = (
				4DB7D46822CB287F007EE267 /* MyCollectionController.swift */,
			);
			path = MyCollection;
			sourceTree = "<group>";
		};
		4DB7D44F22CB258D007EE267 /* HistoryRecord */ = {
			isa = PBXGroup;
			children = (
				4DB7D46622CB286D007EE267 /* HistoryRecordController.swift */,
			);
			path = HistoryRecord;
			sourceTree = "<group>";
		};
		4DB7D45022CB2599007EE267 /* OfflineCache */ = {
			isa = PBXGroup;
			children = (
				4DB7D46422CB285B007EE267 /* OfflineCacheController.swift */,
			);
			path = OfflineCache;
			sourceTree = "<group>";
		};
		4DB7D45122CB25DB007EE267 /* BigMember */ = {
			isa = PBXGroup;
			children = (
				4DB7D46222CB282B007EE267 /* BigMemberController.swift */,
			);
			path = BigMember;
			sourceTree = "<group>";
		};
		4DB7D45222CB25E2007EE267 /* AdolescentMode */ = {
			isa = PBXGroup;
			children = (
				4DB7D46022CB281F007EE267 /* AdolescentModeController.swift */,
			);
			path = AdolescentMode;
			sourceTree = "<group>";
		};
		4DB7D45322CB25F3007EE267 /* FreeFlowWatchingVideo */ = {
			isa = PBXGroup;
			children = (
				4DB7D45E22CB2812007EE267 /* FreeFlowWatchingVideoController.swift */,
			);
			path = FreeFlowWatchingVideo;
			sourceTree = "<group>";
		};
		4DB7D45422CB2657007EE267 /* CreativeCollege */ = {
			isa = PBXGroup;
			children = (
				4DB7D45C22CB27FE007EE267 /* CreativeCollegeController.swift */,
			);
			path = CreativeCollege;
			sourceTree = "<group>";
		};
		4DB7D45522CB2665007EE267 /* MyCustomerService */ = {
			isa = PBXGroup;
			children = (
				4DB7D45A22CB27EB007EE267 /* MyCustomerServiceController.swift */,
			);
			path = MyCustomerService;
			sourceTree = "<group>";
		};
		4DB7D47422CB2EA3007EE267 /* UI */ = {
			isa = PBXGroup;
			children = (
				4DB7D47A22CB2F02007EE267 /* TableView */,
				4DB7D47522CB2EAA007EE267 /* CollectionView */,
			);
			path = UI;
			sourceTree = "<group>";
		};
		4DB7D47522CB2EAA007EE267 /* CollectionView */ = {
			isa = PBXGroup;
			children = (
				4DB7D47622CB2EED007EE267 /* DefaultCollectionCell.swift */,
				4DB7D47722CB2EED007EE267 /* DefaultCollectionCell.xib */,
			);
			path = CollectionView;
			sourceTree = "<group>";
		};
		4DB7D47A22CB2F02007EE267 /* TableView */ = {
			isa = PBXGroup;
			children = (
				4DB7D47B22CB2F24007EE267 /* DefaultTableCell.swift */,
				4DB7D47C22CB2F24007EE267 /* DefaultTableCell.xib */,
			);
			path = TableView;
			sourceTree = "<group>";
		};
		4DB7D47F22CB3A4E007EE267 /* Theme */ = {
			isa = PBXGroup;
			children = (
				4D30A2F922CC93C9000D75E1 /* GirlPowder.plist */,
				4D30A2FB22CC9FBD000D75E1 /* SimpleWhite.plist */,
			);
			path = Theme;
			sourceTree = "<group>";
		};
		4DB7D48622CC4374007EE267 /* Views */ = {
			isa = PBXGroup;
			children = (
				4DB7D48722CC43B3007EE267 /* UIKit+Theme.swift */,
			);
			path = Views;
			sourceTree = "<group>";
		};
		C302DBFD219BB55C00853412 = {
			isa = PBXGroup;
			children = (
				C302DC08219BB55C00853412 /* BiliBili */,
				C302DC07219BB55C00853412 /* Products */,
				25A20EDC56BA17F705662455 /* Pods */,
				014E7627E006A71C9BFF0E80 /* Frameworks */,
			);
			sourceTree = "<group>";
		};
		C302DC07219BB55C00853412 /* Products */ = {
			isa = PBXGroup;
			children = (
				C302DC06219BB55C00853412 /* BiliBili.app */,
			);
			name = Products;
			sourceTree = "<group>";
		};
		C302DC08219BB55C00853412 /* BiliBili */ = {
			isa = PBXGroup;
			children = (
				4D6FBF9B22C9FB5D007B804D /* Coordinator */,
				4D6FBF9522C9A419007B804D /* Componets */,
				4D6FBF6A22C60840007B804D /* Bridge */,
				4D6FBF4E22C5EF63007B804D /* Sources */,
				4D6FBF4322C4585A007B804D /* Extension */,
				C31104BF223404E000B2B77D /* Base */,
				C35B69D52230AB9D002B4760 /* Storage */,
				C36779E722216390005729B9 /* Modual */,
				C36779E422216353005729B9 /* AppDelegate */,
				C36779E322216327005729B9 /* Networking */,
				C302DC0D219BB55C00853412 /* Main.storyboard */,
				C302DC10219BB55E00853412 /* Assets.xcassets */,
				C302DC12219BB55E00853412 /* LaunchScreen.storyboard */,
				C302DC15219BB55E00853412 /* Info.plist */,
			);
			path = BiliBili;
			sourceTree = "<group>";
		};
		C31104BF223404E000B2B77D /* Base */ = {
			isa = PBXGroup;
			children = (
				C31104C02234050A00B2B77D /* NavigationController.swift */,
				4D6FBF4C22C5ED83007B804D /* BaseViewController.swift */,
				4D6FBF9122C79516007B804D /* Constant.swift */,
			);
			path = Base;
			sourceTree = "<group>";
		};
		C35B69D0222FBF3D002B4760 /* Realm */ = {
			isa = PBXGroup;
			children = (
				C35B69D12230A7D7002B4760 /* Realm.swift */,
				C35B69DA2230B417002B4760 /* Realmable.swift */,
			);
			path = Realm;
			sourceTree = "<group>";
		};
		C35B69D52230AB9D002B4760 /* Storage */ = {
			isa = PBXGroup;
			children = (
				4D6FBF5422C5F056007B804D /* Keychain */,
				4D6FBF5522C5F056007B804D /* UserDefault */,
				C36779F42222AAC2005729B9 /* Database */,
				C35B69D82230AC21002B4760 /* UserManager.swift */,
			);
			path = Storage;
			sourceTree = "<group>";
		};
		C36779E322216327005729B9 /* Networking */ = {
			isa = PBXGroup;
			children = (
				C36779EE2222A5BF005729B9 /* API */,
				C36779EC22219D00005729B9 /* NetworkManager.swift */,
				C35B69CC222FA233002B4760 /* NetworkStatus.swift */,
				4D6FBF4622C49D20007B804D /* Observable+ObjectMapper+Moya.swift */,
				4D6FBF4822C4A057007B804D /* NetworkError.swift */,
			);
			path = Networking;
			sourceTree = "<group>";
		};
		C36779E422216353005729B9 /* AppDelegate */ = {
			isa = PBXGroup;
			children = (
				C302DC09219BB55C00853412 /* AppDelegate.swift */,
			);
			path = AppDelegate;
			sourceTree = "<group>";
		};
		C36779E722216390005729B9 /* Modual */ = {
			isa = PBXGroup;
			children = (
				4D6FBF8622C6FC78007B804D /* Purchase */,
				4D6FBF8322C6FC49007B804D /* Trend */,
				4D6FBF7E22C6FB45007B804D /* Channel */,
				4D6FBF7D22C6FAAD007B804D /* Mine */,
				4D6FBF7A22C6FA87007B804D /* Home */,
				4D6FBF5122C5EF95007B804D /* Tabbar */,
				C36779E822216679005729B9 /* Login */,
			);
			path = Modual;
			sourceTree = "<group>";
		};
		C36779E822216679005729B9 /* Login */ = {
			isa = PBXGroup;
			children = (
				4D6FBF5D22C5F4BB007B804D /* ViewModels */,
				4D6FBF5C22C5F4B4007B804D /* Models */,
				4D6FBF5B22C5F4A9007B804D /* Views */,
				4D6FBF5A22C5F48F007B804D /* Controllers */,
			);
			path = Login;
			sourceTree = "<group>";
		};
		C36779EE2222A5BF005729B9 /* API */ = {
			isa = PBXGroup;
			children = (
				C36779EF2222A5CD005729B9 /* Login */,
				C36779F22222A678005729B9 /* BiliBiliTargetType.swift */,
			);
			path = API;
			sourceTree = "<group>";
		};
		C36779EF2222A5CD005729B9 /* Login */ = {
			isa = PBXGroup;
			children = (
				C36779F02222A5F0005729B9 /* LoginAPI.swift */,
			);
			path = Login;
			sourceTree = "<group>";
		};
		C36779F42222AAC2005729B9 /* Database */ = {
			isa = PBXGroup;
			children = (
				C35B69D0222FBF3D002B4760 /* Realm */,
				C35B69D32230AA57002B4760 /* DataBaseManager.swift */,
			);
			path = Database;
			sourceTree = "<group>";
		};
/* End PBXGroup section */

/* Begin PBXNativeTarget section */
		C302DC05219BB55C00853412 /* BiliBili */ = {
			isa = PBXNativeTarget;
			buildConfigurationList = C302DC18219BB55E00853412 /* Build configuration list for PBXNativeTarget "BiliBili" */;
			buildPhases = (
				B775CEFE7107A6C165A3EE83 /* [CP] Check Pods Manifest.lock */,
				C302DC02219BB55C00853412 /* Sources */,
				C302DC03219BB55C00853412 /* Frameworks */,
				C302DC04219BB55C00853412 /* Resources */,
				9A9B55DF293231D39FF3FCAC /* [CP] Embed Pods Frameworks */,
			);
			buildRules = (
			);
			dependencies = (
			);
			name = BiliBili;
			productName = BiliBili;
			productReference = C302DC06219BB55C00853412 /* BiliBili.app */;
			productType = "com.apple.product-type.application";
		};
/* End PBXNativeTarget section */

/* Begin PBXProject section */
		C302DBFE219BB55C00853412 /* Project object */ = {
			isa = PBXProject;
			attributes = {
				LastSwiftUpdateCheck = 1000;
				LastUpgradeCheck = 1000;
				ORGANIZATIONNAME = Yijo;
				TargetAttributes = {
					C302DC05219BB55C00853412 = {
						CreatedOnToolsVersion = 10.0;
					};
				};
			};
			buildConfigurationList = C302DC01219BB55C00853412 /* Build configuration list for PBXProject "BiliBili" */;
			compatibilityVersion = "Xcode 10.0";
			developmentRegion = en;
			hasScannedForEncodings = 0;
			knownRegions = (
				en,
				Base,
			);
			mainGroup = C302DBFD219BB55C00853412;
			productRefGroup = C302DC07219BB55C00853412 /* Products */;
			projectDirPath = "";
			projectRoot = "";
			targets = (
				C302DC05219BB55C00853412 /* BiliBili */,
			);
		};
/* End PBXProject section */

/* Begin PBXResourcesBuildPhase section */
		C302DC04219BB55C00853412 /* Resources */ = {
			isa = PBXResourcesBuildPhase;
			buildActionMask = 2147483647;
			files = (
				4DB7D47E22CB2F24007EE267 /* DefaultTableCell.xib in Resources */,
				4D30A2FA22CC93C9000D75E1 /* GirlPowder.plist in Resources */,
				C302DC14219BB55E00853412 /* LaunchScreen.storyboard in Resources */,
				C302DC11219BB55E00853412 /* Assets.xcassets in Resources */,
				4D6FBF9022C7939B007B804D /* MineView.xib in Resources */,
				4DB7D47922CB2EED007EE267 /* DefaultCollectionCell.xib in Resources */,
				4D30A2FC22CC9FBD000D75E1 /* SimpleWhite.plist in Resources */,
				4D6FBF5022C5EF7E007B804D /* menu.json in Resources */,
				4D6FBF6522C60017007B804D /* LoginView.xib in Resources */,
				C302DC0F219BB55C00853412 /* Main.storyboard in Resources */,
				4D6FBF7722C6108B007B804D /* DefaultEmpty.xib in Resources */,
				4DB7D48122CB3AE9007EE267 /* Theme.bundle in Resources */,
			);
			runOnlyForDeploymentPostprocessing = 0;
		};
/* End PBXResourcesBuildPhase section */

/* Begin PBXShellScriptBuildPhase section */
		9A9B55DF293231D39FF3FCAC /* [CP] Embed Pods Frameworks */ = {
			isa = PBXShellScriptBuildPhase;
			buildActionMask = 2147483647;
			files = (
			);
			inputPaths = (
				"${SRCROOT}/Pods/Target Support Files/Pods-BiliBili/Pods-BiliBili-frameworks.sh",
				"${BUILT_PRODUCTS_DIR}/Alamofire/Alamofire.framework",
				"${BUILT_PRODUCTS_DIR}/CryptoSwift/CryptoSwift.framework",
				"${BUILT_PRODUCTS_DIR}/Differentiator/Differentiator.framework",
				"${BUILT_PRODUCTS_DIR}/IQKeyboardManagerSwift/IQKeyboardManagerSwift.framework",
				"${BUILT_PRODUCTS_DIR}/Kingfisher/Kingfisher.framework",
				"${BUILT_PRODUCTS_DIR}/Moya/Moya.framework",
				"${BUILT_PRODUCTS_DIR}/ObjectMapper/ObjectMapper.framework",
				"${BUILT_PRODUCTS_DIR}/Realm/Realm.framework",
				"${BUILT_PRODUCTS_DIR}/RealmSwift/RealmSwift.framework",
				"${BUILT_PRODUCTS_DIR}/Result/Result.framework",
				"${BUILT_PRODUCTS_DIR}/RxCocoa/RxCocoa.framework",
				"${BUILT_PRODUCTS_DIR}/RxDataSources/RxDataSources.framework",
				"${BUILT_PRODUCTS_DIR}/RxSwift/RxSwift.framework",
				"${BUILT_PRODUCTS_DIR}/SnapKit/SnapKit.framework",
				"${BUILT_PRODUCTS_DIR}/SwiftTheme/SwiftTheme.framework",
				"${BUILT_PRODUCTS_DIR}/Toaster/Toaster.framework",
			);
			name = "[CP] Embed Pods Frameworks";
			outputPaths = (
				"${TARGET_BUILD_DIR}/${FRAMEWORKS_FOLDER_PATH}/Alamofire.framework",
				"${TARGET_BUILD_DIR}/${FRAMEWORKS_FOLDER_PATH}/CryptoSwift.framework",
				"${TARGET_BUILD_DIR}/${FRAMEWORKS_FOLDER_PATH}/Differentiator.framework",
				"${TARGET_BUILD_DIR}/${FRAMEWORKS_FOLDER_PATH}/IQKeyboardManagerSwift.framework",
				"${TARGET_BUILD_DIR}/${FRAMEWORKS_FOLDER_PATH}/Kingfisher.framework",
				"${TARGET_BUILD_DIR}/${FRAMEWORKS_FOLDER_PATH}/Moya.framework",
				"${TARGET_BUILD_DIR}/${FRAMEWORKS_FOLDER_PATH}/ObjectMapper.framework",
				"${TARGET_BUILD_DIR}/${FRAMEWORKS_FOLDER_PATH}/Realm.framework",
				"${TARGET_BUILD_DIR}/${FRAMEWORKS_FOLDER_PATH}/RealmSwift.framework",
				"${TARGET_BUILD_DIR}/${FRAMEWORKS_FOLDER_PATH}/Result.framework",
				"${TARGET_BUILD_DIR}/${FRAMEWORKS_FOLDER_PATH}/RxCocoa.framework",
				"${TARGET_BUILD_DIR}/${FRAMEWORKS_FOLDER_PATH}/RxDataSources.framework",
				"${TARGET_BUILD_DIR}/${FRAMEWORKS_FOLDER_PATH}/RxSwift.framework",
				"${TARGET_BUILD_DIR}/${FRAMEWORKS_FOLDER_PATH}/SnapKit.framework",
				"${TARGET_BUILD_DIR}/${FRAMEWORKS_FOLDER_PATH}/SwiftTheme.framework",
				"${TARGET_BUILD_DIR}/${FRAMEWORKS_FOLDER_PATH}/Toaster.framework",
			);
			runOnlyForDeploymentPostprocessing = 0;
			shellPath = /bin/sh;
			shellScript = "\"${SRCROOT}/Pods/Target Support Files/Pods-BiliBili/Pods-BiliBili-frameworks.sh\"\n";
			showEnvVarsInLog = 0;
		};
		B775CEFE7107A6C165A3EE83 /* [CP] Check Pods Manifest.lock */ = {
			isa = PBXShellScriptBuildPhase;
			buildActionMask = 2147483647;
			files = (
			);
			inputPaths = (
				"${PODS_PODFILE_DIR_PATH}/Podfile.lock",
				"${PODS_ROOT}/Manifest.lock",
			);
			name = "[CP] Check Pods Manifest.lock";
			outputPaths = (
				"$(DERIVED_FILE_DIR)/Pods-BiliBili-checkManifestLockResult.txt",
			);
			runOnlyForDeploymentPostprocessing = 0;
			shellPath = /bin/sh;
			shellScript = "diff \"${PODS_PODFILE_DIR_PATH}/Podfile.lock\" \"${PODS_ROOT}/Manifest.lock\" > /dev/null\nif [ $? != 0 ] ; then\n    # print error to STDERR\n    echo \"error: The sandbox is not in sync with the Podfile.lock. Run 'pod install' or update your CocoaPods installation.\" >&2\n    exit 1\nfi\n# This output is used by Xcode 'outputs' to avoid re-running this script phase.\necho \"SUCCESS\" > \"${SCRIPT_OUTPUT_FILE_0}\"\n";
			showEnvVarsInLog = 0;
		};
/* End PBXShellScriptBuildPhase section */

/* Begin PBXSourcesBuildPhase section */
		C302DC02219BB55C00853412 /* Sources */ = {
			isa = PBXSourcesBuildPhase;
			buildActionMask = 2147483647;
			files = (
				4DB7D47822CB2EED007EE267 /* DefaultCollectionCell.swift in Sources */,
				4D6FBF5722C5F061007B804D /* Keychain.swift in Sources */,
				4DB7D46D22CB28A2007EE267 /* LaterLookAgainController.swift in Sources */,
				4D6FBF4522C45876007B804D /* String+URL.swift in Sources */,
				4D6FBF5322C5EFB9007B804D /* TabBarController.swift in Sources */,
				4D6FBFA322CA062B007B804D /* UINavigationControllerType.swift in Sources */,
				4DB7D46B22CB2891007EE267 /* MyFocusController.swift in Sources */,
				4D6FBF6922C6004F007B804D /* LoginModel.swift in Sources */,
				4D6FBF4922C4A057007B804D /* NetworkError.swift in Sources */,
				4D6FBF8022C6FB5D007B804D /* ChannelController.swift in Sources */,
				4DB7D47D22CB2F24007EE267 /* DefaultTableCell.swift in Sources */,
				4DB7D46922CB287F007EE267 /* MyCollectionController.swift in Sources */,
				C36779F32222A678005729B9 /* BiliBiliTargetType.swift in Sources */,
				4DB7D44522CB2417007EE267 /* SettingController.swift in Sources */,
				4D6FBF9222C79516007B804D /* Constant.swift in Sources */,
				4DB7D45922CB27B4007EE267 /* ForgotPasswordController.swift in Sources */,
				4DB7D46722CB286D007EE267 /* HistoryRecordController.swift in Sources */,
				4DB7D45B22CB27EB007EE267 /* MyCustomerServiceController.swift in Sources */,
				C35B69DB2230B417002B4760 /* Realmable.swift in Sources */,
				4D6FBF4D22C5ED83007B804D /* BaseViewController.swift in Sources */,
				4DB7D45F22CB2812007EE267 /* FreeFlowWatchingVideoController.swift in Sources */,
				C36779ED22219D00005729B9 /* NetworkManager.swift in Sources */,
				C35B69D22230A7D7002B4760 /* Realm.swift in Sources */,
				C35B69D92230AC21002B4760 /* UserManager.swift in Sources */,
				C36779F12222A5F0005729B9 /* LoginAPI.swift in Sources */,
				4D6FBF8A22C7058B007B804D /* TabBarModel.swift in Sources */,
				4D6FBF9F22CA00E9007B804D /* AppCoordinator.swift in Sources */,
				4DB7D48522CB5048007EE267 /* ThemeManager.swift in Sources */,
				4D6FBF9D22C9FB96007B804D /* BaseCoordinator.swift in Sources */,
				4DB7D46322CB282B007EE267 /* BigMemberController.swift in Sources */,
				4DB7D46F22CB28BA007EE267 /* BCoinPurseController.swift in Sources */,
				4D6FBF9422C8DE44007B804D /* MineViewModel.swift in Sources */,
				4D6FBF6C22C60851007B804D /* Bridge.swift in Sources */,
				C31104C12234050A00B2B77D /* NavigationController.swift in Sources */,
				4D6FBF6F22C60934007B804D /* Int+Bytes.swift in Sources */,
				4DB7D48322CB4E06007EE267 /* ThemePath.swift in Sources */,
				4D6FBF7C22C6FAA2007B804D /* HomeController.swift in Sources */,
				4D6FBF8822C6FC8B007B804D /* PurchaseController.swift in Sources */,
				4D6FBF8222C6FB6A007B804D /* MineController.swift in Sources */,
				4DB7D45722CB272A007EE267 /* RegisterController.swift in Sources */,
				4D6FBF6722C60039007B804D /* LoginController.swift in Sources */,
				C302DC0A219BB55C00853412 /* AppDelegate.swift in Sources */,
				4D6FBFA522CB0132007B804D /* MineCoordinator.swift in Sources */,
				4D6FBF5922C5F070007B804D /* UserDefault.swift in Sources */,
				4DB7D44722CB243D007EE267 /* MineThemeController.swift in Sources */,
				4D6FBF7922C610EF007B804D /* UIView+LoadXib.swift in Sources */,
				4D30A2F822CC8EA4000D75E1 /* ThemePrimaryKey.swift in Sources */,
				4D6FBF4722C49D20007B804D /* Observable+ObjectMapper+Moya.swift in Sources */,
				4D6FBF9822C9A52A007B804D /* ProgressHUD.swift in Sources */,
				C35B69CD222FA233002B4760 /* NetworkStatus.swift in Sources */,
				4DB7D46522CB285B007EE267 /* OfflineCacheController.swift in Sources */,
				4DB7D47322CB28E1007EE267 /* LiveCenterController.swift in Sources */,
				4DB7D45D22CB27FE007EE267 /* CreativeCollegeController.swift in Sources */,
				4DB7D47122CB28CF007EE267 /* BuyingCenterController.swift in Sources */,
				4DB7D44322CB23F9007EE267 /* ScanCodeController.swift in Sources */,
				4DB7D48822CC43B3007EE267 /* UIKit+Theme.swift in Sources */,
				4D6FBFA122CA02E4007B804D /* Coordinator.swift in Sources */,
				4D6FBF5F22C5F4D5007B804D /* LoginViewModel.swift in Sources */,
				4D6FBF8C22C7096E007B804D /* TabBarAddChildProvider.swift in Sources */,
				4D6FBF8E22C79374007B804D /* MineView.swift in Sources */,
				4D6FBF6322C5F50A007B804D /* LoginView.swift in Sources */,
				C35B69D42230AA57002B4760 /* DataBaseManager.swift in Sources */,
				4D6FBF8522C6FC5B007B804D /* TrendController.swift in Sources */,
				4DB7D46122CB281F007EE267 /* AdolescentModeController.swift in Sources */,
				4D6FBF7522C60C8F007B804D /* ThemeProtocol.swift in Sources */,
			);
			runOnlyForDeploymentPostprocessing = 0;
		};
/* End PBXSourcesBuildPhase section */

/* Begin PBXVariantGroup section */
		C302DC0D219BB55C00853412 /* Main.storyboard */ = {
			isa = PBXVariantGroup;
			children = (
				C302DC0E219BB55C00853412 /* Base */,
			);
			name = Main.storyboard;
			sourceTree = "<group>";
		};
		C302DC12219BB55E00853412 /* LaunchScreen.storyboard */ = {
			isa = PBXVariantGroup;
			children = (
				C302DC13219BB55E00853412 /* Base */,
			);
			name = LaunchScreen.storyboard;
			sourceTree = "<group>";
		};
/* End PBXVariantGroup section */

/* Begin XCBuildConfiguration section */
		C302DC16219BB55E00853412 /* Debug */ = {
			isa = XCBuildConfiguration;
			buildSettings = {
				ALWAYS_SEARCH_USER_PATHS = NO;
				CLANG_ANALYZER_NONNULL = YES;
				CLANG_ANALYZER_NUMBER_OBJECT_CONVERSION = YES_AGGRESSIVE;
				CLANG_CXX_LANGUAGE_STANDARD = "gnu++14";
				CLANG_CXX_LIBRARY = "libc++";
				CLANG_ENABLE_MODULES = YES;
				CLANG_ENABLE_OBJC_ARC = YES;
				CLANG_ENABLE_OBJC_WEAK = YES;
				CLANG_WARN_BLOCK_CAPTURE_AUTORELEASING = YES;
				CLANG_WARN_BOOL_CONVERSION = YES;
				CLANG_WARN_COMMA = YES;
				CLANG_WARN_CONSTANT_CONVERSION = YES;
				CLANG_WARN_DEPRECATED_OBJC_IMPLEMENTATIONS = YES;
				CLANG_WARN_DIRECT_OBJC_ISA_USAGE = YES_ERROR;
				CLANG_WARN_DOCUMENTATION_COMMENTS = YES;
				CLANG_WARN_EMPTY_BODY = YES;
				CLANG_WARN_ENUM_CONVERSION = YES;
				CLANG_WARN_INFINITE_RECURSION = YES;
				CLANG_WARN_INT_CONVERSION = YES;
				CLANG_WARN_NON_LITERAL_NULL_CONVERSION = YES;
				CLANG_WARN_OBJC_IMPLICIT_RETAIN_SELF = YES;
				CLANG_WARN_OBJC_LITERAL_CONVERSION = YES;
				CLANG_WARN_OBJC_ROOT_CLASS = YES_ERROR;
				CLANG_WARN_RANGE_LOOP_ANALYSIS = YES;
				CLANG_WARN_STRICT_PROTOTYPES = YES;
				CLANG_WARN_SUSPICIOUS_MOVE = YES;
				CLANG_WARN_UNGUARDED_AVAILABILITY = YES_AGGRESSIVE;
				CLANG_WARN_UNREACHABLE_CODE = YES;
				CLANG_WARN__DUPLICATE_METHOD_MATCH = YES;
				CODE_SIGN_IDENTITY = "iPhone Developer";
				COPY_PHASE_STRIP = NO;
				DEBUG_INFORMATION_FORMAT = dwarf;
				ENABLE_STRICT_OBJC_MSGSEND = YES;
				ENABLE_TESTABILITY = YES;
				GCC_C_LANGUAGE_STANDARD = gnu11;
				GCC_DYNAMIC_NO_PIC = NO;
				GCC_NO_COMMON_BLOCKS = YES;
				GCC_OPTIMIZATION_LEVEL = 0;
				GCC_PREPROCESSOR_DEFINITIONS = (
					"DEBUG=1",
					"$(inherited)",
				);
				GCC_WARN_64_TO_32_BIT_CONVERSION = YES;
				GCC_WARN_ABOUT_RETURN_TYPE = YES_ERROR;
				GCC_WARN_UNDECLARED_SELECTOR = YES;
				GCC_WARN_UNINITIALIZED_AUTOS = YES_AGGRESSIVE;
				GCC_WARN_UNUSED_FUNCTION = YES;
				GCC_WARN_UNUSED_VARIABLE = YES;
				IPHONEOS_DEPLOYMENT_TARGET = 12.0;
				MTL_ENABLE_DEBUG_INFO = INCLUDE_SOURCE;
				MTL_FAST_MATH = YES;
				ONLY_ACTIVE_ARCH = YES;
				SDKROOT = iphoneos;
				SWIFT_ACTIVE_COMPILATION_CONDITIONS = DEBUG;
				SWIFT_OPTIMIZATION_LEVEL = "-Onone";
			};
			name = Debug;
		};
		C302DC17219BB55E00853412 /* Release */ = {
			isa = XCBuildConfiguration;
			buildSettings = {
				ALWAYS_SEARCH_USER_PATHS = NO;
				CLANG_ANALYZER_NONNULL = YES;
				CLANG_ANALYZER_NUMBER_OBJECT_CONVERSION = YES_AGGRESSIVE;
				CLANG_CXX_LANGUAGE_STANDARD = "gnu++14";
				CLANG_CXX_LIBRARY = "libc++";
				CLANG_ENABLE_MODULES = YES;
				CLANG_ENABLE_OBJC_ARC = YES;
				CLANG_ENABLE_OBJC_WEAK = YES;
				CLANG_WARN_BLOCK_CAPTURE_AUTORELEASING = YES;
				CLANG_WARN_BOOL_CONVERSION = YES;
				CLANG_WARN_COMMA = YES;
				CLANG_WARN_CONSTANT_CONVERSION = YES;
				CLANG_WARN_DEPRECATED_OBJC_IMPLEMENTATIONS = YES;
				CLANG_WARN_DIRECT_OBJC_ISA_USAGE = YES_ERROR;
				CLANG_WARN_DOCUMENTATION_COMMENTS = YES;
				CLANG_WARN_EMPTY_BODY = YES;
				CLANG_WARN_ENUM_CONVERSION = YES;
				CLANG_WARN_INFINITE_RECURSION = YES;
				CLANG_WARN_INT_CONVERSION = YES;
				CLANG_WARN_NON_LITERAL_NULL_CONVERSION = YES;
				CLANG_WARN_OBJC_IMPLICIT_RETAIN_SELF = YES;
				CLANG_WARN_OBJC_LITERAL_CONVERSION = YES;
				CLANG_WARN_OBJC_ROOT_CLASS = YES_ERROR;
				CLANG_WARN_RANGE_LOOP_ANALYSIS = YES;
				CLANG_WARN_STRICT_PROTOTYPES = YES;
				CLANG_WARN_SUSPICIOUS_MOVE = YES;
				CLANG_WARN_UNGUARDED_AVAILABILITY = YES_AGGRESSIVE;
				CLANG_WARN_UNREACHABLE_CODE = YES;
				CLANG_WARN__DUPLICATE_METHOD_MATCH = YES;
				CODE_SIGN_IDENTITY = "iPhone Developer";
				COPY_PHASE_STRIP = NO;
				DEBUG_INFORMATION_FORMAT = "dwarf-with-dsym";
				ENABLE_NS_ASSERTIONS = NO;
				ENABLE_STRICT_OBJC_MSGSEND = YES;
				GCC_C_LANGUAGE_STANDARD = gnu11;
				GCC_NO_COMMON_BLOCKS = YES;
				GCC_WARN_64_TO_32_BIT_CONVERSION = YES;
				GCC_WARN_ABOUT_RETURN_TYPE = YES_ERROR;
				GCC_WARN_UNDECLARED_SELECTOR = YES;
				GCC_WARN_UNINITIALIZED_AUTOS = YES_AGGRESSIVE;
				GCC_WARN_UNUSED_FUNCTION = YES;
				GCC_WARN_UNUSED_VARIABLE = YES;
				IPHONEOS_DEPLOYMENT_TARGET = 12.0;
				MTL_ENABLE_DEBUG_INFO = NO;
				MTL_FAST_MATH = YES;
				SDKROOT = iphoneos;
				SWIFT_COMPILATION_MODE = wholemodule;
				SWIFT_OPTIMIZATION_LEVEL = "-O";
				VALIDATE_PRODUCT = YES;
			};
			name = Release;
		};
		C302DC19219BB55E00853412 /* Debug */ = {
			isa = XCBuildConfiguration;
			baseConfigurationReference = 87563A550633CA1B54493B7E /* Pods-BiliBili.debug.xcconfig */;
			buildSettings = {
				ASSETCATALOG_COMPILER_APPICON_NAME = AppIcon;
				CODE_SIGN_IDENTITY = "iPhone Developer";
				CODE_SIGN_STYLE = Manual;
				DEVELOPMENT_TEAM = "";
				FRAMEWORK_SEARCH_PATHS = (
					"$(inherited)",
					"\"${PODS_CONFIGURATION_BUILD_DIR}/Alamofire\"",
					"\"${PODS_CONFIGURATION_BUILD_DIR}/CryptoSwift\"",
					"\"${PODS_CONFIGURATION_BUILD_DIR}/IQKeyboardManagerSwift\"",
					"\"${PODS_CONFIGURATION_BUILD_DIR}/Moya\"",
					"\"${PODS_CONFIGURATION_BUILD_DIR}/ObjectMapper\"",
					"\"${PODS_CONFIGURATION_BUILD_DIR}/Realm\"",
					"\"${PODS_CONFIGURATION_BUILD_DIR}/RealmSwift\"",
					"\"${PODS_CONFIGURATION_BUILD_DIR}/Result\"",
					"\"${PODS_CONFIGURATION_BUILD_DIR}/RxSwift\"",
					"\"${PODS_CONFIGURATION_BUILD_DIR}/SnapKit\"",
					"\"${PODS_CONFIGURATION_BUILD_DIR}/Toaster\"",
				);
				INFOPLIST_FILE = BiliBili/Info.plist;
				IPHONEOS_DEPLOYMENT_TARGET = 10.0;
				LD_RUNPATH_SEARCH_PATHS = (
					"$(inherited)",
					"@executable_path/Frameworks",
				);
				PRODUCT_BUNDLE_IDENTIFIER = com.BiliBili.Yijo;
				PRODUCT_NAME = "$(TARGET_NAME)";
				PROVISIONING_PROFILE_SPECIFIER = "";
				SWIFT_VERSION = 4.2;
				TARGETED_DEVICE_FAMILY = "1,2";
				USER_HEADER_SEARCH_PATHS = "";
			};
			name = Debug;
		};
		C302DC1A219BB55E00853412 /* Release */ = {
			isa = XCBuildConfiguration;
			baseConfigurationReference = 87AA59B27A9339253975ED32 /* Pods-BiliBili.release.xcconfig */;
			buildSettings = {
				ASSETCATALOG_COMPILER_APPICON_NAME = AppIcon;
				CODE_SIGN_IDENTITY = "iPhone Developer";
				CODE_SIGN_STYLE = Manual;
				DEVELOPMENT_TEAM = "";
				FRAMEWORK_SEARCH_PATHS = (
					"$(inherited)",
					"\"${PODS_CONFIGURATION_BUILD_DIR}/Alamofire\"",
					"\"${PODS_CONFIGURATION_BUILD_DIR}/CryptoSwift\"",
					"\"${PODS_CONFIGURATION_BUILD_DIR}/IQKeyboardManagerSwift\"",
					"\"${PODS_CONFIGURATION_BUILD_DIR}/Moya\"",
					"\"${PODS_CONFIGURATION_BUILD_DIR}/ObjectMapper\"",
					"\"${PODS_CONFIGURATION_BUILD_DIR}/Realm\"",
					"\"${PODS_CONFIGURATION_BUILD_DIR}/RealmSwift\"",
					"\"${PODS_CONFIGURATION_BUILD_DIR}/Result\"",
					"\"${PODS_CONFIGURATION_BUILD_DIR}/RxSwift\"",
					"\"${PODS_CONFIGURATION_BUILD_DIR}/SnapKit\"",
					"\"${PODS_CONFIGURATION_BUILD_DIR}/Toaster\"",
				);
				INFOPLIST_FILE = BiliBili/Info.plist;
				IPHONEOS_DEPLOYMENT_TARGET = 10.0;
				LD_RUNPATH_SEARCH_PATHS = (
					"$(inherited)",
					"@executable_path/Frameworks",
				);
				PRODUCT_BUNDLE_IDENTIFIER = com.BiliBili.Yijo;
				PRODUCT_NAME = "$(TARGET_NAME)";
				PROVISIONING_PROFILE_SPECIFIER = "";
				SWIFT_VERSION = 4.2;
				TARGETED_DEVICE_FAMILY = "1,2";
				USER_HEADER_SEARCH_PATHS = "";
			};
			name = Release;
		};
/* End XCBuildConfiguration section */

/* Begin XCConfigurationList section */
		C302DC01219BB55C00853412 /* Build configuration list for PBXProject "BiliBili" */ = {
			isa = XCConfigurationList;
			buildConfigurations = (
				C302DC16219BB55E00853412 /* Debug */,
				C302DC17219BB55E00853412 /* Release */,
			);
			defaultConfigurationIsVisible = 0;
			defaultConfigurationName = Release;
		};
		C302DC18219BB55E00853412 /* Build configuration list for PBXNativeTarget "BiliBili" */ = {
			isa = XCConfigurationList;
			buildConfigurations = (
				C302DC19219BB55E00853412 /* Debug */,
				C302DC1A219BB55E00853412 /* Release */,
			);
			defaultConfigurationIsVisible = 0;
			defaultConfigurationName = Release;
		};
/* End XCConfigurationList section */
	};
	rootObject = C302DBFE219BB55C00853412 /* Project object */;
}
