PODS:
  - Alamofire (4.8.2)
  - CryptoSwift (0.13.0)
  - IQKeyboardManagerSwift (6.2.0)
  - Moya/Core (11.0.2):
    - Alamofire (~> 4.1)
    - Result (~> 3.0)
  - Moya/RxSwift (11.0.2):
    - Moya/Core
    - RxSwift (~> 4.0)
  - ObjectMapper (3.3.0)
  - Realm (3.11.1):
    - Realm/Headers (= 3.11.1)
  - Realm/Headers (3.11.1)
  - RealmSwift (3.11.1):
    - Realm (= 3.11.1)
  - Result (3.2.4)
  - RxSwift (4.5.0)
  - SnapKit (4.2.0)
  - Toaster (2.1.1)

DEPENDENCIES:
  - CryptoSwift
  - IQKeyboardManagerSwift
  - Moya/RxSwift (~> 11.0)
  - ObjectMapper
  - RealmSwift
  - SnapKit
  - Toaster (~> 2.1.0)

SPEC REPOS:
  https://github.com/cocoapods/specs.git:
    - Alamofire
    - CryptoSwift
    - IQKeyboardManagerSwift
    - Moya
    - ObjectMapper
    - Realm
    - RealmSwift
    - Result
    - RxSwift
    - SnapKit
    - Toaster

SPEC CHECKSUMS:
  Alamofire: ae5c501addb7afdbb13687d7f2f722c78734c2d3
  CryptoSwift: 16e78bebf567bad1c87b2d58f6547f25b74c31aa
  IQKeyboardManagerSwift: b07ccf9d8cafe993dcd6cb794eb4ba34611a0c4e
  Moya: a725035953bc1c0eb1be505ab903984501d82440
  ObjectMapper: b612bf8c8e99c4dc0bb6013a51f7c27966ed5da9
  Realm: 037c5919b9ceb59d6beed5d3b031096856b119b3
  RealmSwift: c9580133e73ef40ed340401af2dbc9a5790dfea7
  Result: d2d07204ce72856f1fd9130bbe42c35a7b0fea10
  RxSwift: f172070dfd1a93d70a9ab97a5a01166206e1c575
  SnapKit: fe8a619752f3f27075cc9a90244d75c6c3f27e2a
  Toaster: a6c9532de1ded8105e77376f7dffeb2e12b46dbb

PODFILE CHECKSUM: 8573e644e3aab46bcd56d278219eb9b0be7b1ef2

COCOAPODS: 1.5.3
